// !$*UTF8*$!
{
	archiveVersion = 1;
	classes = {
	};
	objectVersion = 50;
	objects = {

/* Begin PBXBuildFile section */
		958BFFA6275BBA250065E425 /* main.swift in Sources */ = {isa = PBXBuildFile; fileRef = 958BFFA5275BBA250065E425 /* main.swift */; };
		958BFFAD275BBEC30065E425 /* Tokenizer.swift in Sources */ = {isa = PBXBuildFile; fileRef = 958BFFAC275BBEC30065E425 /* Tokenizer.swift */; };
		95C082B8275CCA2500841803 /* TokenVisitor.swift in Sources */ = {isa = PBXBuildFile; fileRef = 95C082B7275CCA2500841803 /* TokenVisitor.swift */; };
		95C082BB275CCACE00841803 /* ParserVisitor.swift in Sources */ = {isa = PBXBuildFile; fileRef = 95C082BA275CCACE00841803 /* ParserVisitor.swift */; };
		95C082BD275CD7FA00841803 /* Errors.swift in Sources */ = {isa = PBXBuildFile; fileRef = 95C082BC275CD7FA00841803 /* Errors.swift */; };
		95C082BF275CDB7800841803 /* CalcVisitor.swift in Sources */ = {isa = PBXBuildFile; fileRef = 95C082BE275CDB7800841803 /* CalcVisitor.swift */; };
		95D48069275CC37B007D1159 /* ArithToken.swift in Sources */ = {isa = PBXBuildFile; fileRef = 95D48068275CC37B007D1159 /* ArithToken.swift */; };
/* End PBXBuildFile section */

/* Begin PBXCopyFilesBuildPhase section */
		958BFFA0275BBA250065E425 /* CopyFiles */ = {
			isa = PBXCopyFilesBuildPhase;
			buildActionMask = 2147483647;
			dstPath = /usr/share/man/man1/;
			dstSubfolderSpec = 0;
			files = (
			);
			runOnlyForDeploymentPostprocessing = 1;
		};
/* End PBXCopyFilesBuildPhase section */

/* Begin PBXFileReference section */
		958BFFA2275BBA250065E425 /* hw6 */ = {isa = PBXFileReference; explicitFileType = "compiled.mach-o.executable"; includeInIndex = 0; path = hw6; sourceTree = BUILT_PRODUCTS_DIR; };
		958BFFA5275BBA250065E425 /* main.swift */ = {isa = PBXFileReference; lastKnownFileType = sourcecode.swift; path = main.swift; sourceTree = "<group>"; };
		958BFFAC275BBEC30065E425 /* Tokenizer.swift */ = {isa = PBXFileReference; lastKnownFileType = sourcecode.swift; path = Tokenizer.swift; sourceTree = "<group>"; };
		95C082B7275CCA2500841803 /* TokenVisitor.swift */ = {isa = PBXFileReference; lastKnownFileType = sourcecode.swift; path = TokenVisitor.swift; sourceTree = "<group>"; };
		95C082BA275CCACE00841803 /* ParserVisitor.swift */ = {isa = PBXFileReference; lastKnownFileType = sourcecode.swift; path = ParserVisitor.swift; sourceTree = "<group>"; };
		95C082BC275CD7FA00841803 /* Errors.swift */ = {isa = PBXFileReference; lastKnownFileType = sourcecode.swift; path = Errors.swift; sourceTree = "<group>"; };
		95C082BE275CDB7800841803 /* CalcVisitor.swift */ = {isa = PBXFileReference; lastKnownFileType = sourcecode.swift; path = CalcVisitor.swift; sourceTree = "<group>"; };
		95D48068275CC37B007D1159 /* ArithToken.swift */ = {isa = PBXFileReference; lastKnownFileType = sourcecode.swift; path = ArithToken.swift; sourceTree = "<group>"; };
/* End PBXFileReference section */

/* Begin PBXFrameworksBuildPhase section */
		958BFF9F275BBA250065E425 /* Frameworks */ = {
			isa = PBXFrameworksBuildPhase;
			buildActionMask = 2147483647;
			files = (
			);
			runOnlyForDeploymentPostprocessing = 0;
		};
/* End PBXFrameworksBuildPhase section */

/* Begin PBXGroup section */
		958BFF99275BBA250065E425 = {
			isa = PBXGroup;
			children = (
				958BFFA4275BBA250065E425 /* hw6 */,
				958BFFA3275BBA250065E425 /* Products */,
			);
			sourceTree = "<group>";
		};
		958BFFA3275BBA250065E425 /* Products */ = {
			isa = PBXGroup;
			children = (
				958BFFA2275BBA250065E425 /* hw6 */,
			);
			name = Products;
			sourceTree = "<group>";
		};
		958BFFA4275BBA250065E425 /* hw6 */ = {
			isa = PBXGroup;
			children = (
				958BFFA5275BBA250065E425 /* main.swift */,
				958BFFAC275BBEC30065E425 /* Tokenizer.swift */,
				95D48068275CC37B007D1159 /* ArithToken.swift */,
				95C082BC275CD7FA00841803 /* Errors.swift */,
				95C082B9275CCABA00841803 /* Visitor */,
			);
			path = hw6;
			sourceTree = "<group>";
		};
		95C082B9275CCABA00841803 /* Visitor */ = {
			isa = PBXGroup;
			children = (
				95C082B7275CCA2500841803 /* TokenVisitor.swift */,
				95C082BA275CCACE00841803 /* ParserVisitor.swift */,
				95C082BE275CDB7800841803 /* CalcVisitor.swift */,
			);
			path = Visitor;
			sourceTree = "<group>";
		};
/* End PBXGroup section */

/* Begin PBXNativeTarget section */
		958BFFA1275BBA250065E425 /* hw6 */ = {
			isa = PBXNativeTarget;
			buildConfigurationList = 958BFFA9275BBA250065E425 /* Build configuration list for PBXNativeTarget "hw6" */;
			buildPhases = (
				958BFF9E275BBA250065E425 /* Sources */,
				958BFF9F275BBA250065E425 /* Frameworks */,
				958BFFA0275BBA250065E425 /* CopyFiles */,
			);
			buildRules = (
			);
			dependencies = (
			);
			name = hw6;
			productName = hw6;
			productReference = 958BFFA2275BBA250065E425 /* hw6 */;
			productType = "com.apple.product-type.tool";
		};
/* End PBXNativeTarget section */

/* Begin PBXProject section */
		958BFF9A275BBA250065E425 /* Project object */ = {
			isa = PBXProject;
			attributes = {
				LastSwiftUpdateCheck = 1250;
				LastUpgradeCheck = 1250;
				TargetAttributes = {
					958BFFA1275BBA250065E425 = {
						CreatedOnToolsVersion = 12.5.1;
					};
				};
			};
			buildConfigurationList = 958BFF9D275BBA250065E425 /* Build configuration list for PBXProject "hw6" */;
			compatibilityVersion = "Xcode 9.3";
			developmentRegion = en;
			hasScannedForEncodings = 0;
			knownRegions = (
				en,
				Base,
			);
			mainGroup = 958BFF99275BBA250065E425;
			productRefGroup = 958BFFA3275BBA250065E425 /* Products */;
			projectDirPath = "";
			projectRoot = "";
			targets = (
				958BFFA1275BBA250065E425 /* hw6 */,
			);
		};
/* End PBXProject section */

/* Begin PBXSourcesBuildPhase section */
		958BFF9E275BBA250065E425 /* Sources */ = {
			isa = PBXSourcesBuildPhase;
			buildActionMask = 2147483647;
			files = (
				958BFFA6275BBA250065E425 /* main.swift in Sources */,
				95C082BF275CDB7800841803 /* CalcVisitor.swift in Sources */,
				95D48069275CC37B007D1159 /* ArithToken.swift in Sources */,
				95C082B8275CCA2500841803 /* TokenVisitor.swift in Sources */,
				95C082BB275CCACE00841803 /* ParserVisitor.swift in Sources */,
				95C082BD275CD7FA00841803 /* Errors.swift in Sources */,
				958BFFAD275BBEC30065E425 /* Tokenizer.swift in Sources */,
			);
			runOnlyForDeploymentPostprocessing = 0;
		};
/* End PBXSourcesBuildPhase section */

/* Begin XCBuildConfiguration section */
		958BFFA7275BBA250065E425 /* Debug */ = {
			isa = XCBuildConfiguration;
			buildSettings = {
				ALWAYS_SEARCH_USER_PATHS = NO;
				CLANG_ANALYZER_NONNULL = YES;
				CLANG_ANALYZER_NUMBER_OBJECT_CONVERSION = YES_AGGRESSIVE;
				CLANG_CXX_LANGUAGE_STANDARD = "gnu++14";
				CLANG_CXX_LIBRARY = "libc++";
				CLANG_ENABLE_MODULES = YES;
				CLANG_ENABLE_OBJC_ARC = YES;
				CLANG_ENABLE_OBJC_WEAK = YES;
				CLANG_WARN_BLOCK_CAPTURE_AUTORELEASING = YES;
				CLANG_WARN_BOOL_CONVERSION = YES;
				CLANG_WARN_COMMA = YES;
				CLANG_WARN_CONSTANT_CONVERSION = YES;
				CLANG_WARN_DEPRECATED_OBJC_IMPLEMENTATIONS = YES;
				CLANG_WARN_DIRECT_OBJC_ISA_USAGE = YES_ERROR;
				CLANG_WARN_DOCUMENTATION_COMMENTS = YES;
				CLANG_WARN_EMPTY_BODY = YES;
				CLANG_WARN_ENUM_CONVERSION = YES;
				CLANG_WARN_INFINITE_RECURSION = YES;
				CLANG_WARN_INT_CONVERSION = YES;
				CLANG_WARN_NON_LITERAL_NULL_CONVERSION = YES;
				CLANG_WARN_OBJC_IMPLICIT_RETAIN_SELF = YES;
				CLANG_WARN_OBJC_LITERAL_CONVERSION = YES;
				CLANG_WARN_OBJC_ROOT_CLASS = YES_ERROR;
				CLANG_WARN_QUOTED_INCLUDE_IN_FRAMEWORK_HEADER = YES;
				CLANG_WARN_RANGE_LOOP_ANALYSIS = YES;
				CLANG_WARN_STRICT_PROTOTYPES = YES;
				CLANG_WARN_SUSPICIOUS_MOVE = YES;
				CLANG_WARN_UNGUARDED_AVAILABILITY = YES_AGGRESSIVE;
				CLANG_WARN_UNREACHABLE_CODE = YES;
				CLANG_WARN__DUPLICATE_METHOD_MATCH = YES;
				COPY_PHASE_STRIP = NO;
				DEBUG_INFORMATION_FORMAT = dwarf;
				ENABLE_STRICT_OBJC_MSGSEND = YES;
				ENABLE_TESTABILITY = YES;
				GCC_C_LANGUAGE_STANDARD = gnu11;
				GCC_DYNAMIC_NO_PIC = NO;
				GCC_NO_COMMON_BLOCKS = YES;
				GCC_OPTIMIZATION_LEVEL = 0;
				GCC_PREPROCESSOR_DEFINITIONS = (
					"DEBUG=1",
					"$(inherited)",
				);
				GCC_WARN_64_TO_32_BIT_CONVERSION = YES;
				GCC_WARN_ABOUT_RETURN_TYPE = YES_ERROR;
				GCC_WARN_UNDECLARED_SELECTOR = YES;
				GCC_WARN_UNINITIALIZED_AUTOS = YES_AGGRESSIVE;
				GCC_WARN_UNUSED_FUNCTION = YES;
				GCC_WARN_UNUSED_VARIABLE = YES;
				MACOSX_DEPLOYMENT_TARGET = 11.3;
				MTL_ENABLE_DEBUG_INFO = INCLUDE_SOURCE;
				MTL_FAST_MATH = YES;
				ONLY_ACTIVE_ARCH = YES;
				SDKROOT = macosx;
				SWIFT_ACTIVE_COMPILATION_CONDITIONS = DEBUG;
				SWIFT_OPTIMIZATION_LEVEL = "-Onone";
			};
			name = Debug;
		};
		958BFFA8275BBA250065E425 /* Release */ = {
			isa = XCBuildConfiguration;
			buildSettings = {
				ALWAYS_SEARCH_USER_PATHS = NO;
				CLANG_ANALYZER_NONNULL = YES;
				CLANG_ANALYZER_NUMBER_OBJECT_CONVERSION = YES_AGGRESSIVE;
				CLANG_CXX_LANGUAGE_STANDARD = "gnu++14";
				CLANG_CXX_LIBRARY = "libc++";
				CLANG_ENABLE_MODULES = YES;
				CLANG_ENABLE_OBJC_ARC = YES;
				CLANG_ENABLE_OBJC_WEAK = YES;
				CLANG_WARN_BLOCK_CAPTURE_AUTORELEASING = YES;
				CLANG_WARN_BOOL_CONVERSION = YES;
				CLANG_WARN_COMMA = YES;
				CLANG_WARN_CONSTANT_CONVERSION = YES;
				CLANG_WARN_DEPRECATED_OBJC_IMPLEMENTATIONS = YES;
				CLANG_WARN_DIRECT_OBJC_ISA_USAGE = YES_ERROR;
				CLANG_WARN_DOCUMENTATION_COMMENTS = YES;
				CLANG_WARN_EMPTY_BODY = YES;
				CLANG_WARN_ENUM_CONVERSION = YES;
				CLANG_WARN_INFINITE_RECURSION = YES;
				CLANG_WARN_INT_CONVERSION = YES;
				CLANG_WARN_NON_LITERAL_NULL_CONVERSION = YES;
				CLANG_WARN_OBJC_IMPLICIT_RETAIN_SELF = YES;
				CLANG_WARN_OBJC_LITERAL_CONVERSION = YES;
				CLANG_WARN_OBJC_ROOT_CLASS = YES_ERROR;
				CLANG_WARN_QUOTED_INCLUDE_IN_FRAMEWORK_HEADER = YES;
				CLANG_WARN_RANGE_LOOP_ANALYSIS = YES;
				CLANG_WARN_STRICT_PROTOTYPES = YES;
				CLANG_WARN_SUSPICIOUS_MOVE = YES;
				CLANG_WARN_UNGUARDED_AVAILABILITY = YES_AGGRESSIVE;
				CLANG_WARN_UNREACHABLE_CODE = YES;
				CLANG_WARN__DUPLICATE_METHOD_MATCH = YES;
				COPY_PHASE_STRIP = NO;
				DEBUG_INFORMATION_FORMAT = "dwarf-with-dsym";
				ENABLE_NS_ASSERTIONS = NO;
				ENABLE_STRICT_OBJC_MSGSEND = YES;
				GCC_C_LANGUAGE_STANDARD = gnu11;
				GCC_NO_COMMON_BLOCKS = YES;
				GCC_WARN_64_TO_32_BIT_CONVERSION = YES;
				GCC_WARN_ABOUT_RETURN_TYPE = YES_ERROR;
				GCC_WARN_UNDECLARED_SELECTOR = YES;
				GCC_WARN_UNINITIALIZED_AUTOS = YES_AGGRESSIVE;
				GCC_WARN_UNUSED_FUNCTION = YES;
				GCC_WARN_UNUSED_VARIABLE = YES;
				MACOSX_DEPLOYMENT_TARGET = 11.3;
				MTL_ENABLE_DEBUG_INFO = NO;
				MTL_FAST_MATH = YES;
				SDKROOT = macosx;
				SWIFT_COMPILATION_MODE = wholemodule;
				SWIFT_OPTIMIZATION_LEVEL = "-O";
			};
			name = Release;
		};
		958BFFAA275BBA250065E425 /* Debug */ = {
			isa = XCBuildConfiguration;
			buildSettings = {
				CODE_SIGN_STYLE = Automatic;
				DEVELOPMENT_TEAM = 539DQNBLRW;
				ENABLE_HARDENED_RUNTIME = YES;
				PRODUCT_NAME = "$(TARGET_NAME)";
				SWIFT_VERSION = 5.0;
			};
			name = Debug;
		};
		958BFFAB275BBA250065E425 /* Release */ = {
			isa = XCBuildConfiguration;
			buildSettings = {
				CODE_SIGN_STYLE = Automatic;
				DEVELOPMENT_TEAM = 539DQNBLRW;
				ENABLE_HARDENED_RUNTIME = YES;
				PRODUCT_NAME = "$(TARGET_NAME)";
				SWIFT_VERSION = 5.0;
			};
			name = Release;
		};
/* End XCBuildConfiguration section */

/* Begin XCConfigurationList section */
		958BFF9D275BBA250065E425 /* Build configuration list for PBXProject "hw6" */ = {
			isa = XCConfigurationList;
			buildConfigurations = (
				958BFFA7275BBA250065E425 /* Debug */,
				958BFFA8275BBA250065E425 /* Release */,
			);
			defaultConfigurationIsVisible = 0;
			defaultConfigurationName = Release;
		};
		958BFFA9275BBA250065E425 /* Build configuration list for PBXNativeTarget "hw6" */ = {
			isa = XCConfigurationList;
			buildConfigurations = (
				958BFFAA275BBA250065E425 /* Debug */,
				958BFFAB275BBA250065E425 /* Release */,
			);
			defaultConfigurationIsVisible = 0;
			defaultConfigurationName = Release;
		};
/* End XCConfigurationList section */
	};
	rootObject = 958BFF9A275BBA250065E425 /* Project object */;
}
