// !$*UTF8*$!
{
	archiveVersion = 1;
	classes = {
	};
	objectVersion = 55;
	objects = {

/* Begin PBXBuildFile section */
		9527291D27F1120500E7CF01 /* AppDelegate.swift in Sources */ = {isa = PBXBuildFile; fileRef = 9527291C27F1120500E7CF01 /* AppDelegate.swift */; };
		9527291F27F1120500E7CF01 /* ViewController.swift in Sources */ = {isa = PBXBuildFile; fileRef = 9527291E27F1120500E7CF01 /* ViewController.swift */; };
		9527292127F1120900E7CF01 /* Assets.xcassets in Resources */ = {isa = PBXBuildFile; fileRef = 9527292027F1120900E7CF01 /* Assets.xcassets */; };
		9527292427F1120900E7CF01 /* Main.storyboard in Resources */ = {isa = PBXBuildFile; fileRef = 9527292227F1120900E7CF01 /* Main.storyboard */; };
		9527292E27F112D900E7CF01 /* ReportService.swift in Sources */ = {isa = PBXBuildFile; fileRef = 9527292D27F112D900E7CF01 /* ReportService.swift */; };
		9527293327F1151C00E7CF01 /* Event.swift in Sources */ = {isa = PBXBuildFile; fileRef = 9527293227F1151C00E7CF01 /* Event.swift */; };
		9527293627F116E300E7CF01 /* Turnstile.swift in Sources */ = {isa = PBXBuildFile; fileRef = 9527293527F116E300E7CF01 /* Turnstile.swift */; };
		9527293827F1170500E7CF01 /* EventStore.swift in Sources */ = {isa = PBXBuildFile; fileRef = 9527293727F1170500E7CF01 /* EventStore.swift */; };
		9527293B27F1228A00E7CF01 /* Manager.swift in Sources */ = {isa = PBXBuildFile; fileRef = 9527293A27F1228A00E7CF01 /* Manager.swift */; };
/* End PBXBuildFile section */

/* Begin PBXFileReference section */
		9527291927F1120500E7CF01 /* hw3.app */ = {isa = PBXFileReference; explicitFileType = wrapper.application; includeInIndex = 0; path = hw3.app; sourceTree = BUILT_PRODUCTS_DIR; };
		9527291C27F1120500E7CF01 /* AppDelegate.swift */ = {isa = PBXFileReference; lastKnownFileType = sourcecode.swift; path = AppDelegate.swift; sourceTree = "<group>"; };
		9527291E27F1120500E7CF01 /* ViewController.swift */ = {isa = PBXFileReference; lastKnownFileType = sourcecode.swift; path = ViewController.swift; sourceTree = "<group>"; };
		9527292027F1120900E7CF01 /* Assets.xcassets */ = {isa = PBXFileReference; lastKnownFileType = folder.assetcatalog; path = Assets.xcassets; sourceTree = "<group>"; };
		9527292327F1120900E7CF01 /* Base */ = {isa = PBXFileReference; lastKnownFileType = file.storyboard; name = Base; path = Base.lproj/Main.storyboard; sourceTree = "<group>"; };
		9527292527F1120900E7CF01 /* hw3.entitlements */ = {isa = PBXFileReference; lastKnownFileType = text.plist.entitlements; path = hw3.entitlements; sourceTree = "<group>"; };
		9527292D27F112D900E7CF01 /* ReportService.swift */ = {isa = PBXFileReference; lastKnownFileType = sourcecode.swift; path = ReportService.swift; sourceTree = "<group>"; };
		9527293227F1151C00E7CF01 /* Event.swift */ = {isa = PBXFileReference; lastKnownFileType = sourcecode.swift; path = Event.swift; sourceTree = "<group>"; };
		9527293527F116E300E7CF01 /* Turnstile.swift */ = {isa = PBXFileReference; lastKnownFileType = sourcecode.swift; path = Turnstile.swift; sourceTree = "<group>"; };
		9527293727F1170500E7CF01 /* EventStore.swift */ = {isa = PBXFileReference; lastKnownFileType = sourcecode.swift; path = EventStore.swift; sourceTree = "<group>"; };
		9527293A27F1228A00E7CF01 /* Manager.swift */ = {isa = PBXFileReference; lastKnownFileType = sourcecode.swift; path = Manager.swift; sourceTree = "<group>"; };
/* End PBXFileReference section */

/* Begin PBXFrameworksBuildPhase section */
		9527291627F1120500E7CF01 /* Frameworks */ = {
			isa = PBXFrameworksBuildPhase;
			buildActionMask = 2147483647;
			files = (
			);
			runOnlyForDeploymentPostprocessing = 0;
		};
/* End PBXFrameworksBuildPhase section */

/* Begin PBXGroup section */
		9527291027F1120500E7CF01 = {
			isa = PBXGroup;
			children = (
				9527291B27F1120500E7CF01 /* hw3 */,
				9527291A27F1120500E7CF01 /* Products */,
			);
			sourceTree = "<group>";
		};
		9527291A27F1120500E7CF01 /* Products */ = {
			isa = PBXGroup;
			children = (
				9527291927F1120500E7CF01 /* hw3.app */,
			);
			name = Products;
			sourceTree = "<group>";
		};
		9527291B27F1120500E7CF01 /* hw3 */ = {
			isa = PBXGroup;
			children = (
				9527291C27F1120500E7CF01 /* AppDelegate.swift */,
				9527291E27F1120500E7CF01 /* ViewController.swift */,
				9527292027F1120900E7CF01 /* Assets.xcassets */,
				9527292227F1120900E7CF01 /* Main.storyboard */,
				9527292527F1120900E7CF01 /* hw3.entitlements */,
				9527292B27F1128100E7CF01 /* Modules */,
			);
			path = hw3;
			sourceTree = "<group>";
		};
		9527292B27F1128100E7CF01 /* Modules */ = {
			isa = PBXGroup;
			children = (
				9527293227F1151C00E7CF01 /* Event.swift */,
				9527293727F1170500E7CF01 /* EventStore.swift */,
				9527292C27F112BD00E7CF01 /* ReportService */,
				9527293427F116CF00E7CF01 /* Turnstile */,
				9527293927F1227A00E7CF01 /* Manager */,
			);
			path = Modules;
			sourceTree = "<group>";
		};
		9527292C27F112BD00E7CF01 /* ReportService */ = {
			isa = PBXGroup;
			children = (
				9527292D27F112D900E7CF01 /* ReportService.swift */,
			);
			path = ReportService;
			sourceTree = "<group>";
		};
		9527293427F116CF00E7CF01 /* Turnstile */ = {
			isa = PBXGroup;
			children = (
				9527293527F116E300E7CF01 /* Turnstile.swift */,
			);
			path = Turnstile;
			sourceTree = "<group>";
		};
		9527293927F1227A00E7CF01 /* Manager */ = {
			isa = PBXGroup;
			children = (
				9527293A27F1228A00E7CF01 /* Manager.swift */,
			);
			path = Manager;
			sourceTree = "<group>";
		};
/* End PBXGroup section */

/* Begin PBXNativeTarget section */
		9527291827F1120500E7CF01 /* hw3 */ = {
			isa = PBXNativeTarget;
			buildConfigurationList = 9527292827F1120900E7CF01 /* Build configuration list for PBXNativeTarget "hw3" */;
			buildPhases = (
				9527291527F1120500E7CF01 /* Sources */,
				9527291627F1120500E7CF01 /* Frameworks */,
				9527291727F1120500E7CF01 /* Resources */,
			);
			buildRules = (
			);
			dependencies = (
			);
			name = hw3;
			productName = hw3;
			productReference = 9527291927F1120500E7CF01 /* hw3.app */;
			productType = "com.apple.product-type.application";
		};
/* End PBXNativeTarget section */

/* Begin PBXProject section */
		9527291127F1120500E7CF01 /* Project object */ = {
			isa = PBXProject;
			attributes = {
				BuildIndependentTargetsInParallel = 1;
				LastSwiftUpdateCheck = 1320;
				LastUpgradeCheck = 1320;
				TargetAttributes = {
					9527291827F1120500E7CF01 = {
						CreatedOnToolsVersion = 13.2.1;
					};
				};
			};
			buildConfigurationList = 9527291427F1120500E7CF01 /* Build configuration list for PBXProject "hw3" */;
			compatibilityVersion = "Xcode 13.0";
			developmentRegion = en;
			hasScannedForEncodings = 0;
			knownRegions = (
				en,
				Base,
			);
			mainGroup = 9527291027F1120500E7CF01;
			productRefGroup = 9527291A27F1120500E7CF01 /* Products */;
			projectDirPath = "";
			projectRoot = "";
			targets = (
				9527291827F1120500E7CF01 /* hw3 */,
			);
		};
/* End PBXProject section */

/* Begin PBXResourcesBuildPhase section */
		9527291727F1120500E7CF01 /* Resources */ = {
			isa = PBXResourcesBuildPhase;
			buildActionMask = 2147483647;
			files = (
				9527292127F1120900E7CF01 /* Assets.xcassets in Resources */,
				9527292427F1120900E7CF01 /* Main.storyboard in Resources */,
			);
			runOnlyForDeploymentPostprocessing = 0;
		};
/* End PBXResourcesBuildPhase section */

/* Begin PBXSourcesBuildPhase section */
		9527291527F1120500E7CF01 /* Sources */ = {
			isa = PBXSourcesBuildPhase;
			buildActionMask = 2147483647;
			files = (
				9527292E27F112D900E7CF01 /* ReportService.swift in Sources */,
				9527291F27F1120500E7CF01 /* ViewController.swift in Sources */,
				9527293B27F1228A00E7CF01 /* Manager.swift in Sources */,
				9527291D27F1120500E7CF01 /* AppDelegate.swift in Sources */,
				9527293827F1170500E7CF01 /* EventStore.swift in Sources */,
				9527293627F116E300E7CF01 /* Turnstile.swift in Sources */,
				9527293327F1151C00E7CF01 /* Event.swift in Sources */,
			);
			runOnlyForDeploymentPostprocessing = 0;
		};
/* End PBXSourcesBuildPhase section */

/* Begin PBXVariantGroup section */
		9527292227F1120900E7CF01 /* Main.storyboard */ = {
			isa = PBXVariantGroup;
			children = (
				9527292327F1120900E7CF01 /* Base */,
			);
			name = Main.storyboard;
			sourceTree = "<group>";
		};
/* End PBXVariantGroup section */

/* Begin XCBuildConfiguration section */
		9527292627F1120900E7CF01 /* Debug */ = {
			isa = XCBuildConfiguration;
			buildSettings = {
				ALWAYS_SEARCH_USER_PATHS = NO;
				CLANG_ANALYZER_NONNULL = YES;
				CLANG_ANALYZER_NUMBER_OBJECT_CONVERSION = YES_AGGRESSIVE;
				CLANG_CXX_LANGUAGE_STANDARD = "gnu++17";
				CLANG_CXX_LIBRARY = "libc++";
				CLANG_ENABLE_MODULES = YES;
				CLANG_ENABLE_OBJC_ARC = YES;
				CLANG_ENABLE_OBJC_WEAK = YES;
				CLANG_WARN_BLOCK_CAPTURE_AUTORELEASING = YES;
				CLANG_WARN_BOOL_CONVERSION = YES;
				CLANG_WARN_COMMA = YES;
				CLANG_WARN_CONSTANT_CONVERSION = YES;
				CLANG_WARN_DEPRECATED_OBJC_IMPLEMENTATIONS = YES;
				CLANG_WARN_DIRECT_OBJC_ISA_USAGE = YES_ERROR;
				CLANG_WARN_DOCUMENTATION_COMMENTS = YES;
				CLANG_WARN_EMPTY_BODY = YES;
				CLANG_WARN_ENUM_CONVERSION = YES;
				CLANG_WARN_INFINITE_RECURSION = YES;
				CLANG_WARN_INT_CONVERSION = YES;
				CLANG_WARN_NON_LITERAL_NULL_CONVERSION = YES;
				CLANG_WARN_OBJC_IMPLICIT_RETAIN_SELF = YES;
				CLANG_WARN_OBJC_LITERAL_CONVERSION = YES;
				CLANG_WARN_OBJC_ROOT_CLASS = YES_ERROR;
				CLANG_WARN_QUOTED_INCLUDE_IN_FRAMEWORK_HEADER = YES;
				CLANG_WARN_RANGE_LOOP_ANALYSIS = YES;
				CLANG_WARN_STRICT_PROTOTYPES = YES;
				CLANG_WARN_SUSPICIOUS_MOVE = YES;
				CLANG_WARN_UNGUARDED_AVAILABILITY = YES_AGGRESSIVE;
				CLANG_WARN_UNREACHABLE_CODE = YES;
				CLANG_WARN__DUPLICATE_METHOD_MATCH = YES;
				COPY_PHASE_STRIP = NO;
				DEBUG_INFORMATION_FORMAT = dwarf;
				ENABLE_STRICT_OBJC_MSGSEND = YES;
				ENABLE_TESTABILITY = YES;
				GCC_C_LANGUAGE_STANDARD = gnu11;
				GCC_DYNAMIC_NO_PIC = NO;
				GCC_NO_COMMON_BLOCKS = YES;
				GCC_OPTIMIZATION_LEVEL = 0;
				GCC_PREPROCESSOR_DEFINITIONS = (
					"DEBUG=1",
					"$(inherited)",
				);
				GCC_WARN_64_TO_32_BIT_CONVERSION = YES;
				GCC_WARN_ABOUT_RETURN_TYPE = YES_ERROR;
				GCC_WARN_UNDECLARED_SELECTOR = YES;
				GCC_WARN_UNINITIALIZED_AUTOS = YES_AGGRESSIVE;
				GCC_WARN_UNUSED_FUNCTION = YES;
				GCC_WARN_UNUSED_VARIABLE = YES;
				MACOSX_DEPLOYMENT_TARGET = 12.1;
				MTL_ENABLE_DEBUG_INFO = INCLUDE_SOURCE;
				MTL_FAST_MATH = YES;
				ONLY_ACTIVE_ARCH = YES;
				SDKROOT = macosx;
				SWIFT_ACTIVE_COMPILATION_CONDITIONS = DEBUG;
				SWIFT_OPTIMIZATION_LEVEL = "-Onone";
			};
			name = Debug;
		};
		9527292727F1120900E7CF01 /* Release */ = {
			isa = XCBuildConfiguration;
			buildSettings = {
				ALWAYS_SEARCH_USER_PATHS = NO;
				CLANG_ANALYZER_NONNULL = YES;
				CLANG_ANALYZER_NUMBER_OBJECT_CONVERSION = YES_AGGRESSIVE;
				CLANG_CXX_LANGUAGE_STANDARD = "gnu++17";
				CLANG_CXX_LIBRARY = "libc++";
				CLANG_ENABLE_MODULES = YES;
				CLANG_ENABLE_OBJC_ARC = YES;
				CLANG_ENABLE_OBJC_WEAK = YES;
				CLANG_WARN_BLOCK_CAPTURE_AUTORELEASING = YES;
				CLANG_WARN_BOOL_CONVERSION = YES;
				CLANG_WARN_COMMA = YES;
				CLANG_WARN_CONSTANT_CONVERSION = YES;
				CLANG_WARN_DEPRECATED_OBJC_IMPLEMENTATIONS = YES;
				CLANG_WARN_DIRECT_OBJC_ISA_USAGE = YES_ERROR;
				CLANG_WARN_DOCUMENTATION_COMMENTS = YES;
				CLANG_WARN_EMPTY_BODY = YES;
				CLANG_WARN_ENUM_CONVERSION = YES;
				CLANG_WARN_INFINITE_RECURSION = YES;
				CLANG_WARN_INT_CONVERSION = YES;
				CLANG_WARN_NON_LITERAL_NULL_CONVERSION = YES;
				CLANG_WARN_OBJC_IMPLICIT_RETAIN_SELF = YES;
				CLANG_WARN_OBJC_LITERAL_CONVERSION = YES;
				CLANG_WARN_OBJC_ROOT_CLASS = YES_ERROR;
				CLANG_WARN_QUOTED_INCLUDE_IN_FRAMEWORK_HEADER = YES;
				CLANG_WARN_RANGE_LOOP_ANALYSIS = YES;
				CLANG_WARN_STRICT_PROTOTYPES = YES;
				CLANG_WARN_SUSPICIOUS_MOVE = YES;
				CLANG_WARN_UNGUARDED_AVAILABILITY = YES_AGGRESSIVE;
				CLANG_WARN_UNREACHABLE_CODE = YES;
				CLANG_WARN__DUPLICATE_METHOD_MATCH = YES;
				COPY_PHASE_STRIP = NO;
				DEBUG_INFORMATION_FORMAT = "dwarf-with-dsym";
				ENABLE_NS_ASSERTIONS = NO;
				ENABLE_STRICT_OBJC_MSGSEND = YES;
				GCC_C_LANGUAGE_STANDARD = gnu11;
				GCC_NO_COMMON_BLOCKS = YES;
				GCC_WARN_64_TO_32_BIT_CONVERSION = YES;
				GCC_WARN_ABOUT_RETURN_TYPE = YES_ERROR;
				GCC_WARN_UNDECLARED_SELECTOR = YES;
				GCC_WARN_UNINITIALIZED_AUTOS = YES_AGGRESSIVE;
				GCC_WARN_UNUSED_FUNCTION = YES;
				GCC_WARN_UNUSED_VARIABLE = YES;
				MACOSX_DEPLOYMENT_TARGET = 12.1;
				MTL_ENABLE_DEBUG_INFO = NO;
				MTL_FAST_MATH = YES;
				SDKROOT = macosx;
				SWIFT_COMPILATION_MODE = wholemodule;
				SWIFT_OPTIMIZATION_LEVEL = "-O";
			};
			name = Release;
		};
		9527292927F1120900E7CF01 /* Debug */ = {
			isa = XCBuildConfiguration;
			buildSettings = {
				ASSETCATALOG_COMPILER_APPICON_NAME = AppIcon;
				ASSETCATALOG_COMPILER_GLOBAL_ACCENT_COLOR_NAME = AccentColor;
				CODE_SIGN_ENTITLEMENTS = hw3/hw3.entitlements;
				CODE_SIGN_STYLE = Automatic;
				COMBINE_HIDPI_IMAGES = YES;
				CURRENT_PROJECT_VERSION = 1;
				GENERATE_INFOPLIST_FILE = YES;
				INFOPLIST_KEY_NSHumanReadableCopyright = "";
				INFOPLIST_KEY_NSMainStoryboardFile = Main;
				INFOPLIST_KEY_NSPrincipalClass = NSApplication;
				LD_RUNPATH_SEARCH_PATHS = (
					"$(inherited)",
					"@executable_path/../Frameworks",
				);
				MARKETING_VERSION = 1.0;
				PRODUCT_BUNDLE_IDENTIFIER = asdfs.hw3;
				PRODUCT_NAME = "$(TARGET_NAME)";
				SWIFT_EMIT_LOC_STRINGS = YES;
				SWIFT_VERSION = 5.0;
			};
			name = Debug;
		};
		9527292A27F1120900E7CF01 /* Release */ = {
			isa = XCBuildConfiguration;
			buildSettings = {
				ASSETCATALOG_COMPILER_APPICON_NAME = AppIcon;
				ASSETCATALOG_COMPILER_GLOBAL_ACCENT_COLOR_NAME = AccentColor;
				CODE_SIGN_ENTITLEMENTS = hw3/hw3.entitlements;
				CODE_SIGN_STYLE = Automatic;
				COMBINE_HIDPI_IMAGES = YES;
				CURRENT_PROJECT_VERSION = 1;
				GENERATE_INFOPLIST_FILE = YES;
				INFOPLIST_KEY_NSHumanReadableCopyright = "";
				INFOPLIST_KEY_NSMainStoryboardFile = Main;
				INFOPLIST_KEY_NSPrincipalClass = NSApplication;
				LD_RUNPATH_SEARCH_PATHS = (
					"$(inherited)",
					"@executable_path/../Frameworks",
				);
				MARKETING_VERSION = 1.0;
				PRODUCT_BUNDLE_IDENTIFIER = asdfs.hw3;
				PRODUCT_NAME = "$(TARGET_NAME)";
				SWIFT_EMIT_LOC_STRINGS = YES;
				SWIFT_VERSION = 5.0;
			};
			name = Release;
		};
/* End XCBuildConfiguration section */

/* Begin XCConfigurationList section */
		9527291427F1120500E7CF01 /* Build configuration list for PBXProject "hw3" */ = {
			isa = XCConfigurationList;
			buildConfigurations = (
				9527292627F1120900E7CF01 /* Debug */,
				9527292727F1120900E7CF01 /* Release */,
			);
			defaultConfigurationIsVisible = 0;
			defaultConfigurationName = Release;
		};
		9527292827F1120900E7CF01 /* Build configuration list for PBXNativeTarget "hw3" */ = {
			isa = XCConfigurationList;
			buildConfigurations = (
				9527292927F1120900E7CF01 /* Debug */,
				9527292A27F1120900E7CF01 /* Release */,
			);
			defaultConfigurationIsVisible = 0;
			defaultConfigurationName = Release;
		};
/* End XCConfigurationList section */
	};
	rootObject = 9527291127F1120500E7CF01 /* Project object */;
}
